
Microsoft Visual Studio Solution File, Format Version 12.00
# Visual Studio Version 17
VisualStudioVersion = 17.0.32112.339
MinimumVisualStudioVersion = 10.0.40219.1
Project("{FAE04EC0-301F-11D3-BF4B-00C04F79EFBC}") = "Editor de Texto", "Editor de Texto\Editor de Texto.csproj", "{8B81904D-F0C4-4799-A3B3-9BF3763A840C}"
EndProject
Global
	GlobalSection(SolutionConfigurationPlatforms) = preSolution
		Debug|Any CPU = Debug|Any CPU
		Release|Any CPU = Release|Any CPU
	EndGlobalSection
	GlobalSection(ProjectConfigurationPlatforms) = postSolution
		{8B81904D-F0C4-4799-A3B3-9BF3763A840C}.Debug|Any CPU.ActiveCfg = Debug|Any CPU
		{8B81904D-F0C4-4799-A3B3-9BF3763A840C}.Debug|Any CPU.Build.0 = Debug|Any CPU
		{8B81904D-F0C4-4799-A3B3-9BF3763A840C}.Release|Any CPU.ActiveCfg = Release|Any CPU
		{8B81904D-F0C4-4799-A3B3-9BF3763A840C}.Release|Any CPU.Build.0 = Release|Any CPU
	EndGlobalSection
	GlobalSection(SolutionProperties) = preSolution
		HideSolutionNode = FALSE
	EndGlobalSection
	GlobalSection(ExtensibilityGlobals) = postSolution
		SolutionGuid = {FA6C6036-64AC-4712-A105-7AFE66A8067E}
	EndGlobalSection
EndGlobal
